# This file is generated by running "yarn install" inside your project.
# Manual changes might be lost - proceed with caution!

__metadata:
  version: 6
  cacheKey: 8

"@babel/code-frame@npm:^7.12.13, @babel/code-frame@npm:^7.26.2":
  version: 7.26.2
  resolution: "@babel/code-frame@npm:7.26.2"
  dependencies:
    "@babel/helper-validator-identifier": ^7.25.9
    js-tokens: ^4.0.0
    picocolors: ^1.0.0
  checksum: db13f5c42d54b76c1480916485e6900748bbcb0014a8aca87f50a091f70ff4e0d0a6db63cade75eb41fcc3d2b6ba0a7f89e343def4f96f00269b41b8ab8dd7b8
  languageName: node
  linkType: hard

"@babel/compat-data@npm:^7.26.5":
  version: 7.26.8
  resolution: "@babel/compat-data@npm:7.26.8"
  checksum: 1bb04c6860c8c9555b933cb9c3caf5ef1dac331a37a351efb67956fc679f695d487aea76e792dd43823702c1300f7906f2a298e50b4a8d7ec199ada9c340c365
  languageName: node
  linkType: hard

"@babel/core@npm:7.13.15":
  version: 7.13.15
  resolution: "@babel/core@npm:7.13.15"
  dependencies:
    "@babel/code-frame": ^7.12.13
    "@babel/generator": ^7.13.9
    "@babel/helper-compilation-targets": ^7.13.13
    "@babel/helper-module-transforms": ^7.13.14
    "@babel/helpers": ^7.13.10
    "@babel/parser": ^7.13.15
    "@babel/template": ^7.12.13
    "@babel/traverse": ^7.13.15
    "@babel/types": ^7.13.14
    convert-source-map: ^1.7.0
    debug: ^4.1.0
    gensync: ^1.0.0-beta.2
    json5: ^2.1.2
    semver: ^6.3.0
    source-map: ^0.5.0
  checksum: bd331d9dfa33a1e39f881d6afac00d288d46f241e31c61830c341b843ec9f35cfadf5646f522c76f26f5e7a78a01507729a105d8c426329761b163853ca4a467
  languageName: node
  linkType: hard

"@babel/generator@npm:^7.13.9, @babel/generator@npm:^7.26.9":
  version: 7.26.9
  resolution: "@babel/generator@npm:7.26.9"
  dependencies:
    "@babel/parser": ^7.26.9
    "@babel/types": ^7.26.9
    "@jridgewell/gen-mapping": ^0.3.5
    "@jridgewell/trace-mapping": ^0.3.25
    jsesc: ^3.0.2
  checksum: 57d034fb6c77dfd5e0c8ef368ff544e19cb6a27cb70d6ed5ff0552c618153dc6692d31e7d0f3a408e0fec3a519514b846c909316c3078290f3a3c1e463372eae
  languageName: node
  linkType: hard

"@babel/helper-compilation-targets@npm:^7.13.13":
  version: 7.26.5
  resolution: "@babel/helper-compilation-targets@npm:7.26.5"
  dependencies:
    "@babel/compat-data": ^7.26.5
    "@babel/helper-validator-option": ^7.25.9
    browserslist: ^4.24.0
    lru-cache: ^5.1.1
    semver: ^6.3.1
  checksum: 6bc0107613bf1d4d21913606e8e517194e5099a24db2a8374568e56ef4626e8140f9b8f8a4aabc35479f5904459a0aead2a91ee0dc63aae110ccbc2bc4b4fda1
  languageName: node
  linkType: hard

"@babel/helper-module-imports@npm:^7.25.9":
  version: 7.25.9
  resolution: "@babel/helper-module-imports@npm:7.25.9"
  dependencies:
    "@babel/traverse": ^7.25.9
    "@babel/types": ^7.25.9
  checksum: 1b411ce4ca825422ef7065dffae7d8acef52023e51ad096351e3e2c05837e9bf9fca2af9ca7f28dc26d596a588863d0fedd40711a88e350b736c619a80e704e6
  languageName: node
  linkType: hard

"@babel/helper-module-transforms@npm:^7.13.14":
  version: 7.26.0
  resolution: "@babel/helper-module-transforms@npm:7.26.0"
  dependencies:
    "@babel/helper-module-imports": ^7.25.9
    "@babel/helper-validator-identifier": ^7.25.9
    "@babel/traverse": ^7.25.9
  peerDependencies:
    "@babel/core": ^7.0.0
  checksum: 942eee3adf2b387443c247a2c190c17c4fd45ba92a23087abab4c804f40541790d51ad5277e4b5b1ed8d5ba5b62de73857446b7742f835c18ebd350384e63917
  languageName: node
  linkType: hard

"@babel/helper-string-parser@npm:^7.25.9":
  version: 7.25.9
  resolution: "@babel/helper-string-parser@npm:7.25.9"
  checksum: 6435ee0849e101681c1849868278b5aee82686ba2c1e27280e5e8aca6233af6810d39f8e4e693d2f2a44a3728a6ccfd66f72d71826a94105b86b731697cdfa99
  languageName: node
  linkType: hard

"@babel/helper-validator-identifier@npm:^7.25.9":
  version: 7.25.9
  resolution: "@babel/helper-validator-identifier@npm:7.25.9"
  checksum: 5b85918cb1a92a7f3f508ea02699e8d2422fe17ea8e82acd445006c0ef7520fbf48e3dbcdaf7b0a1d571fc3a2715a29719e5226636cb6042e15fe6ed2a590944
  languageName: node
  linkType: hard

"@babel/helper-validator-option@npm:^7.25.9":
  version: 7.25.9
  resolution: "@babel/helper-validator-option@npm:7.25.9"
  checksum: 9491b2755948ebbdd68f87da907283698e663b5af2d2b1b02a2765761974b1120d5d8d49e9175b167f16f72748ffceec8c9cf62acfbee73f4904507b246e2b3d
  languageName: node
  linkType: hard

"@babel/helpers@npm:^7.13.10":
  version: 7.26.9
  resolution: "@babel/helpers@npm:7.26.9"
  dependencies:
    "@babel/template": ^7.26.9
    "@babel/types": ^7.26.9
  checksum: 06363f8288a24c1cfda03eccd775ac22f79cba319b533cb0e5d0f2a04a33512881cc3f227a4c46324935504fb92999cc4758b69b5e7b3846107eadcb5ee0abca
  languageName: node
  linkType: hard

"@babel/parser@npm:^7.13.15, @babel/parser@npm:^7.26.9":
  version: 7.26.9
  resolution: "@babel/parser@npm:7.26.9"
  dependencies:
    "@babel/types": ^7.26.9
  bin:
    parser: ./bin/babel-parser.js
  checksum: 2df965dbf3c67d19dc437412ceef23033b4d39b0dbd7cb498d8ab9ad9e1738338656ee72676199773b37d658edf9f4161cf255515234fed30695d74e73be5514
  languageName: node
  linkType: hard

"@babel/runtime@npm:7.13.10":
  version: 7.13.10
  resolution: "@babel/runtime@npm:7.13.10"
  dependencies:
    regenerator-runtime: ^0.13.4
  checksum: 9229c12ad2b0ba28f64fb920ef132a04742ad860939cc2a163dd2472831e40b4a72aba2b9eb3bcf02e3f03c773a06a6a8d829440d3888c1493f81198133f2152
  languageName: node
  linkType: hard

"@babel/template@npm:^7.12.13, @babel/template@npm:^7.26.9":
  version: 7.26.9
  resolution: "@babel/template@npm:7.26.9"
  dependencies:
    "@babel/code-frame": ^7.26.2
    "@babel/parser": ^7.26.9
    "@babel/types": ^7.26.9
  checksum: 32259298c775e543ab994daff0c758b3d6a184349b146d6497aa46cec5907bc47a6bc09e7295a81a5eccfbd023d4811a9777cb5d698d582d09a87cabf5b576e7
  languageName: node
  linkType: hard

"@babel/traverse@npm:^7.13.15, @babel/traverse@npm:^7.25.9":
  version: 7.26.9
  resolution: "@babel/traverse@npm:7.26.9"
  dependencies:
    "@babel/code-frame": ^7.26.2
    "@babel/generator": ^7.26.9
    "@babel/parser": ^7.26.9
    "@babel/template": ^7.26.9
    "@babel/types": ^7.26.9
    debug: ^4.3.1
    globals: ^11.1.0
  checksum: d42d3a5e61422d96467f517447b5e254edbd64e4dbf3e13b630704d1f49beaa5209246dc6f45ba53522293bd4760ff720496d2c1ef189ecce52e9e63d9a59aa8
  languageName: node
  linkType: hard

"@babel/types@npm:^7.13.14, @babel/types@npm:^7.25.9, @babel/types@npm:^7.26.9":
  version: 7.26.9
  resolution: "@babel/types@npm:7.26.9"
  dependencies:
    "@babel/helper-string-parser": ^7.25.9
    "@babel/helper-validator-identifier": ^7.25.9
  checksum: cc124c149615deb30343a4c81ac5b0e3a68bdb4b1bd61a91a2859ee8e5e5f400f6ff65be4740f407c17bfc09baa9c777e7f8f765dccf3284963956b67ac95a38
  languageName: node
  linkType: hard

"@emotion/is-prop-valid@npm:1.2.2":
  version: 1.2.2
  resolution: "@emotion/is-prop-valid@npm:1.2.2"
  dependencies:
    "@emotion/memoize": ^0.8.1
  checksum: 61f6b128ea62b9f76b47955057d5d86fcbe2a6989d2cd1e583daac592901a950475a37d049b9f7a7c6aa8758a33b408735db759fdedfd1f629df0f85ab60ea25
  languageName: node
  linkType: hard

"@emotion/memoize@npm:^0.8.1":
  version: 0.8.1
  resolution: "@emotion/memoize@npm:0.8.1"
  checksum: a19cc01a29fcc97514948eaab4dc34d8272e934466ed87c07f157887406bc318000c69ae6f813a9001c6a225364df04249842a50e692ef7a9873335fbcc141b0
  languageName: node
  linkType: hard

"@emotion/unitless@npm:0.8.1":
  version: 0.8.1
  resolution: "@emotion/unitless@npm:0.8.1"
  checksum: 385e21d184d27853bb350999471f00e1429fa4e83182f46cd2c164985999d9b46d558dc8b9cc89975cb337831ce50c31ac2f33b15502e85c299892e67e7b4a88
  languageName: node
  linkType: hard

"@floating-ui/core@npm:^1.6.0":
  version: 1.6.9
  resolution: "@floating-ui/core@npm:1.6.9"
  dependencies:
    "@floating-ui/utils": ^0.2.9
  checksum: 21cbcac72a40172399570dedf0eb96e4f24b0d829980160e8d14edf08c2955ac6feffb7b94e1530c78fb7944635e52669c9257ad08570e0295efead3b5a9af91
  languageName: node
  linkType: hard

"@floating-ui/dom@npm:^1.0.0":
  version: 1.6.13
  resolution: "@floating-ui/dom@npm:1.6.13"
  dependencies:
    "@floating-ui/core": ^1.6.0
    "@floating-ui/utils": ^0.2.9
  checksum: eabab9d860d3b5beab1c2d6936287efc4d9ab352de99062380589ef62870d59e8730397489c34a96657e128498001b5672330c4a9da0159fe8b2401ac59fe314
  languageName: node
  linkType: hard

"@floating-ui/react-dom@npm:^2.1.2":
  version: 2.1.2
  resolution: "@floating-ui/react-dom@npm:2.1.2"
  dependencies:
    "@floating-ui/dom": ^1.0.0
  peerDependencies:
    react: ">=16.8.0"
    react-dom: ">=16.8.0"
  checksum: 25bb031686e23062ed4222a8946e76b3f9021d40a48437bd747233c4964a766204b8a55f34fa8b259839af96e60db7c6e3714d81f1de06914294f90e86ffbc48
  languageName: node
  linkType: hard

"@floating-ui/react@npm:^0.27.4":
  version: 0.27.4
  resolution: "@floating-ui/react@npm:0.27.4"
  dependencies:
    "@floating-ui/react-dom": ^2.1.2
    "@floating-ui/utils": ^0.2.9
    tabbable: ^6.0.0
  peerDependencies:
    react: ">=17.0.0"
    react-dom: ">=17.0.0"
  checksum: e93ea89c5c533f355a4aef7de50e2c0c780024b7df6da53dd66b4bcee1a890442ed725173e4051538d1a0416faa433620303b4c375095793cb7a8d8a2a594377
  languageName: node
  linkType: hard

"@floating-ui/utils@npm:^0.2.9":
  version: 0.2.9
  resolution: "@floating-ui/utils@npm:0.2.9"
  checksum: d518b80cec5a323e54a069a1dd99a20f8221a4853ed98ac16c75275a0cc22f75de4f8ac5b121b4f8990bd45da7ad1fb015b9a1e4bac27bb1cd62444af84e9784
  languageName: node
  linkType: hard

"@jridgewell/gen-mapping@npm:^0.3.5":
  version: 0.3.8
  resolution: "@jridgewell/gen-mapping@npm:0.3.8"
  dependencies:
    "@jridgewell/set-array": ^1.2.1
    "@jridgewell/sourcemap-codec": ^1.4.10
    "@jridgewell/trace-mapping": ^0.3.24
  checksum: c0687b5227461717aa537fe71a42e356bcd1c43293b3353796a148bf3b0d6f59109def46c22f05b60e29a46f19b2e4676d027959a7c53a6c92b9d5b0d87d0420
  languageName: node
  linkType: hard

"@jridgewell/resolve-uri@npm:^3.1.0":
  version: 3.1.2
  resolution: "@jridgewell/resolve-uri@npm:3.1.2"
  checksum: 83b85f72c59d1c080b4cbec0fef84528963a1b5db34e4370fa4bd1e3ff64a0d80e0cee7369d11d73c704e0286fb2865b530acac7a871088fbe92b5edf1000870
  languageName: node
  linkType: hard

"@jridgewell/set-array@npm:^1.2.1":
  version: 1.2.1
  resolution: "@jridgewell/set-array@npm:1.2.1"
  checksum: 832e513a85a588f8ed4f27d1279420d8547743cc37fcad5a5a76fc74bb895b013dfe614d0eed9cb860048e6546b798f8f2652020b4b2ba0561b05caa8c654b10
  languageName: node
  linkType: hard

"@jridgewell/sourcemap-codec@npm:^1.4.10, @jridgewell/sourcemap-codec@npm:^1.4.14":
  version: 1.5.0
  resolution: "@jridgewell/sourcemap-codec@npm:1.5.0"
  checksum: 05df4f2538b3b0f998ea4c1cd34574d0feba216fa5d4ccaef0187d12abf82eafe6021cec8b49f9bb4d90f2ba4582ccc581e72986a5fcf4176ae0cfeb04cf52ec
  languageName: node
  linkType: hard

"@jridgewell/trace-mapping@npm:^0.3.24, @jridgewell/trace-mapping@npm:^0.3.25":
  version: 0.3.25
  resolution: "@jridgewell/trace-mapping@npm:0.3.25"
  dependencies:
    "@jridgewell/resolve-uri": ^3.1.0
    "@jridgewell/sourcemap-codec": ^1.4.14
  checksum: 9d3c40d225e139987b50c48988f8717a54a8c994d8a948ee42e1412e08988761d0754d7d10b803061cc3aebf35f92a5dbbab493bd0e1a9ef9e89a2130e83ba34
  languageName: node
  linkType: hard

"@next/env@npm:14.2.24":
  version: 14.2.24
  resolution: "@next/env@npm:14.2.24"
  checksum: 251f9f3038fcc286619abd9fb32dcbf9f6e00355ecc7905986a3352658a67eca896519ba19df23f4e683e9628a6cf1414e94b498c1a4daac4060762a2658ff77
  languageName: node
  linkType: hard

"@next/swc-darwin-arm64@npm:14.2.24":
  version: 14.2.24
  resolution: "@next/swc-darwin-arm64@npm:14.2.24"
  conditions: os=darwin & cpu=arm64
  languageName: node
  linkType: hard

"@next/swc-darwin-x64@npm:14.2.24":
  version: 14.2.24
  resolution: "@next/swc-darwin-x64@npm:14.2.24"
  conditions: os=darwin & cpu=x64
  languageName: node
  linkType: hard

"@next/swc-linux-arm64-gnu@npm:14.2.24":
  version: 14.2.24
  resolution: "@next/swc-linux-arm64-gnu@npm:14.2.24"
  conditions: os=linux & cpu=arm64 & libc=glibc
  languageName: node
  linkType: hard

"@next/swc-linux-arm64-musl@npm:14.2.24":
  version: 14.2.24
  resolution: "@next/swc-linux-arm64-musl@npm:14.2.24"
  conditions: os=linux & cpu=arm64 & libc=musl
  languageName: node
  linkType: hard

"@next/swc-linux-x64-gnu@npm:14.2.24":
  version: 14.2.24
  resolution: "@next/swc-linux-x64-gnu@npm:14.2.24"
  conditions: os=linux & cpu=x64 & libc=glibc
  languageName: node
  linkType: hard

"@next/swc-linux-x64-musl@npm:14.2.24":
  version: 14.2.24
  resolution: "@next/swc-linux-x64-musl@npm:14.2.24"
  conditions: os=linux & cpu=x64 & libc=musl
  languageName: node
  linkType: hard

"@next/swc-win32-arm64-msvc@npm:14.2.24":
  version: 14.2.24
  resolution: "@next/swc-win32-arm64-msvc@npm:14.2.24"
  conditions: os=win32 & cpu=arm64
  languageName: node
  linkType: hard

"@next/swc-win32-ia32-msvc@npm:14.2.24":
  version: 14.2.24
  resolution: "@next/swc-win32-ia32-msvc@npm:14.2.24"
  conditions: os=win32 & cpu=ia32
  languageName: node
  linkType: hard

"@next/swc-win32-x64-msvc@npm:14.2.24":
  version: 14.2.24
  resolution: "@next/swc-win32-x64-msvc@npm:14.2.24"
  conditions: os=win32 & cpu=x64
  languageName: node
  linkType: hard

"@popperjs/core@npm:2.9.2":
  version: 2.9.2
  resolution: "@popperjs/core@npm:2.9.2"
  checksum: a5916302e706b7dfbbbcd8728bafc1682b450d5ec70dd10da84a07c89a419fa72f83cbf990798589e6e69e1b520d6768176ea4bd360d7450d08a2fbc25a14e1c
  languageName: node
  linkType: hard

"@swc/counter@npm:^0.1.3":
  version: 0.1.3
  resolution: "@swc/counter@npm:0.1.3"
  checksum: df8f9cfba9904d3d60f511664c70d23bb323b3a0803ec9890f60133954173047ba9bdeabce28cd70ba89ccd3fd6c71c7b0bd58be85f611e1ffbe5d5c18616598
  languageName: node
  linkType: hard

"@swc/helpers@npm:0.5.5":
  version: 0.5.5
  resolution: "@swc/helpers@npm:0.5.5"
  dependencies:
    "@swc/counter": ^0.1.3
    tslib: ^2.4.0
  checksum: d4f207b191e54b29460804ddf2984ba6ece1d679a0b2f6a9c765dcf27bba92c5769e7965668a4546fb9f1021eaf0ff9be4bf5c235ce12adcd65acdfe77187d11
  languageName: node
  linkType: hard

"@types/stylis@npm:4.2.5":
  version: 4.2.5
  resolution: "@types/stylis@npm:4.2.5"
  checksum: 24f91719db5569979e9e2f197e050ef82e1fd72474e8dc45bca38d48ee56481eae0f0d4a7ac172540d7774b45a2a78d901a4c6d07bba77a33dbccff464ea3edf
  languageName: node
  linkType: hard

"browserslist@npm:^4.24.0":
  version: 4.24.4
  resolution: "browserslist@npm:4.24.4"
  dependencies:
    caniuse-lite: ^1.0.30001688
    electron-to-chromium: ^1.5.73
    node-releases: ^2.0.19
    update-browserslist-db: ^1.1.1
  bin:
    browserslist: cli.js
  checksum: 64074bf6cf0a9ae3094d753270e3eae9cf925149db45d646f0bc67bacc2e46d7ded64a4e835b95f5fdcf0350f63a83c3755b32f80831f643a47f0886deb8a065
  languageName: node
  linkType: hard

"busboy@npm:1.6.0":
  version: 1.6.0
  resolution: "busboy@npm:1.6.0"
  dependencies:
    streamsearch: ^1.1.0
  checksum: 32801e2c0164e12106bf236291a00795c3c4e4b709ae02132883fe8478ba2ae23743b11c5735a0aae8afe65ac4b6ca4568b91f0d9fed1fdbc32ede824a73746e
  languageName: node
  linkType: hard

"camelize@npm:^1.0.0":
  version: 1.0.1
  resolution: "camelize@npm:1.0.1"
  checksum: 91d8611d09af725e422a23993890d22b2b72b4cabf7239651856950c76b4bf53fe0d0da7c5e4db05180e898e4e647220e78c9fbc976113bd96d603d1fcbfcb99
  languageName: node
  linkType: hard

"caniuse-lite@npm:^1.0.30001579, caniuse-lite@npm:^1.0.30001688":
  version: 1.0.30001700
  resolution: "caniuse-lite@npm:1.0.30001700"
  checksum: 0e5e1c8648efeae1a2bcf371c872a4e41d9508d58b47133558f78b99c3d58c4b6ce7688068ea872deffbfc7c3c2a117e756fc48e1de7ae6c5540f3c3a4441c7a
  languageName: node
  linkType: hard

"client-only@npm:0.0.1":
  version: 0.0.1
  resolution: "client-only@npm:0.0.1"
  checksum: 0c16bf660dadb90610553c1d8946a7fdfb81d624adea073b8440b7d795d5b5b08beb3c950c6a2cf16279365a3265158a236876d92bce16423c485c322d7dfaf8
  languageName: node
  linkType: hard

"convert-source-map@npm:^1.7.0":
  version: 1.9.0
  resolution: "convert-source-map@npm:1.9.0"
  checksum: dc55a1f28ddd0e9485ef13565f8f756b342f9a46c4ae18b843fe3c30c675d058d6a4823eff86d472f187b176f0adf51ea7b69ea38be34be4a63cbbf91b0593c8
  languageName: node
  linkType: hard

"css-color-keywords@npm:^1.0.0":
  version: 1.0.0
  resolution: "css-color-keywords@npm:1.0.0"
  checksum: 8f125e3ad477bd03c77b533044bd9e8a6f7c0da52d49bbc0bbe38327b3829d6ba04d368ca49dd9ff3b667d2fc8f1698d891c198bbf8feade1a5501bf5a296408
  languageName: node
  linkType: hard

"css-to-react-native@npm:3.2.0":
  version: 3.2.0
  resolution: "css-to-react-native@npm:3.2.0"
  dependencies:
    camelize: ^1.0.0
    css-color-keywords: ^1.0.0
    postcss-value-parser: ^4.0.2
  checksum: 263be65e805aef02c3f20c064665c998a8c35293e1505dbe6e3054fb186b01a9897ac6cf121f9840e5a9dfe3fb3994f6fcd0af84a865f1df78ba5bf89e77adce
  languageName: node
  linkType: hard

"csstype@npm:3.1.3":
  version: 3.1.3
  resolution: "csstype@npm:3.1.3"
  checksum: 8db785cc92d259102725b3c694ec0c823f5619a84741b5c7991b8ad135dfaa66093038a1cc63e03361a6cd28d122be48f2106ae72334e067dd619a51f49eddf7
  languageName: node
  linkType: hard

"debug@npm:^4.1.0, debug@npm:^4.3.1":
  version: 4.4.0
  resolution: "debug@npm:4.4.0"
  dependencies:
    ms: ^2.1.3
  peerDependenciesMeta:
    supports-color:
      optional: true
  checksum: fb42df878dd0e22816fc56e1fdca9da73caa85212fbe40c868b1295a6878f9101ae684f4eeef516c13acfc700f5ea07f1136954f43d4cd2d477a811144136479
  languageName: node
  linkType: hard

"electron-to-chromium@npm:^1.5.73":
  version: 1.5.103
  resolution: "electron-to-chromium@npm:1.5.103"
  checksum: 270f8e7861e8f6f9e5ff0c23bcf73a42644dfc8eaa0f700d572f5171841209572eea66a8be3017ff75993ffaa5d434d14a3bd0651f1d007ad4ae01f2b0b1e136
  languageName: node
  linkType: hard

"escalade@npm:^3.2.0":
  version: 3.2.0
  resolution: "escalade@npm:3.2.0"
  checksum: 47b029c83de01b0d17ad99ed766347b974b0d628e848de404018f3abee728e987da0d2d370ad4574aa3d5b5bfc368754fd085d69a30f8e75903486ec4b5b709e
  languageName: node
  linkType: hard

"gensync@npm:^1.0.0-beta.2":
  version: 1.0.0-beta.2
  resolution: "gensync@npm:1.0.0-beta.2"
  checksum: a7437e58c6be12aa6c90f7730eac7fa9833dc78872b4ad2963d2031b00a3367a93f98aec75f9aaac7220848e4026d67a8655e870b24f20a543d103c0d65952ec
  languageName: node
  linkType: hard

"globals@npm:^11.1.0":
  version: 11.12.0
  resolution: "globals@npm:11.12.0"
  checksum: 67051a45eca3db904aee189dfc7cd53c20c7d881679c93f6146ddd4c9f4ab2268e68a919df740d39c71f4445d2b38ee360fc234428baea1dbdfe68bbcb46979e
  languageName: node
  linkType: hard

"graceful-fs@npm:^4.2.11":
  version: 4.2.11
  resolution: "graceful-fs@npm:4.2.11"
  checksum: ac85f94da92d8eb6b7f5a8b20ce65e43d66761c55ce85ac96df6865308390da45a8d3f0296dd3a663de65d30ba497bd46c696cc1e248c72b13d6d567138a4fc7
  languageName: node
  linkType: hard

"js-tokens@npm:^3.0.0 || ^4.0.0, js-tokens@npm:^4.0.0":
  version: 4.0.0
  resolution: "js-tokens@npm:4.0.0"
  checksum: 8a95213a5a77deb6cbe94d86340e8d9ace2b93bc367790b260101d2f36a2eaf4e4e22d9fa9cf459b38af3a32fb4190e638024cf82ec95ef708680e405ea7cc78
  languageName: node
  linkType: hard

"jsesc@npm:^3.0.2":
  version: 3.1.0
  resolution: "jsesc@npm:3.1.0"
  bin:
    jsesc: bin/jsesc
  checksum: 19c94095ea026725540c0d29da33ab03144f6bcf2d4159e4833d534976e99e0c09c38cefa9a575279a51fc36b31166f8d6d05c9fe2645d5f15851d690b41f17f
  languageName: node
  linkType: hard

"json5@npm:^2.1.2":
  version: 2.2.3
  resolution: "json5@npm:2.2.3"
  bin:
    json5: lib/cli.js
  checksum: 2a7436a93393830bce797d4626275152e37e877b265e94ca69c99e3d20c2b9dab021279146a39cdb700e71b2dd32a4cebd1514cd57cee102b1af906ce5040349
  languageName: node
  linkType: hard

"loose-envify@npm:^1.1.0":
  version: 1.4.0
  resolution: "loose-envify@npm:1.4.0"
  dependencies:
    js-tokens: ^3.0.0 || ^4.0.0
  bin:
    loose-envify: cli.js
  checksum: 6517e24e0cad87ec9888f500c5b5947032cdfe6ef65e1c1936a0c48a524b81e65542c9c3edc91c97d5bddc806ee2a985dbc79be89215d613b1de5db6d1cfe6f4
  languageName: node
  linkType: hard

"lru-cache@npm:^5.1.1":
  version: 5.1.1
  resolution: "lru-cache@npm:5.1.1"
  dependencies:
    yallist: ^3.0.2
  checksum: c154ae1cbb0c2206d1501a0e94df349653c92c8cbb25236d7e85190bcaf4567a03ac6eb43166fabfa36fd35623694da7233e88d9601fbf411a9a481d85dbd2cb
  languageName: node
  linkType: hard

"ms@npm:^2.1.3":
  version: 2.1.3
  resolution: "ms@npm:2.1.3"
  checksum: aa92de608021b242401676e35cfa5aa42dd70cbdc082b916da7fb925c542173e36bce97ea3e804923fe92c0ad991434e4a38327e15a1b5b5f945d66df615ae6d
  languageName: node
  linkType: hard

"nanoid@npm:^3.3.6, nanoid@npm:^3.3.7":
  version: 3.3.8
  resolution: "nanoid@npm:3.3.8"
  bin:
    nanoid: bin/nanoid.cjs
  checksum: dfe0adbc0c77e9655b550c333075f51bb28cfc7568afbf3237249904f9c86c9aaaed1f113f0fddddba75673ee31c758c30c43d4414f014a52a7a626efc5958c9
  languageName: node
  linkType: hard

"next@npm:14":
  version: 14.2.24
  resolution: "next@npm:14.2.24"
  dependencies:
    "@next/env": 14.2.24
    "@next/swc-darwin-arm64": 14.2.24
    "@next/swc-darwin-x64": 14.2.24
    "@next/swc-linux-arm64-gnu": 14.2.24
    "@next/swc-linux-arm64-musl": 14.2.24
    "@next/swc-linux-x64-gnu": 14.2.24
    "@next/swc-linux-x64-musl": 14.2.24
    "@next/swc-win32-arm64-msvc": 14.2.24
    "@next/swc-win32-ia32-msvc": 14.2.24
    "@next/swc-win32-x64-msvc": 14.2.24
    "@swc/helpers": 0.5.5
    busboy: 1.6.0
    caniuse-lite: ^1.0.30001579
    graceful-fs: ^4.2.11
    postcss: 8.4.31
    styled-jsx: 5.1.1
  peerDependencies:
    "@opentelemetry/api": ^1.1.0
    "@playwright/test": ^1.41.2
    react: ^18.2.0
    react-dom: ^18.2.0
    sass: ^1.3.0
  dependenciesMeta:
    "@next/swc-darwin-arm64":
      optional: true
    "@next/swc-darwin-x64":
      optional: true
    "@next/swc-linux-arm64-gnu":
      optional: true
    "@next/swc-linux-arm64-musl":
      optional: true
    "@next/swc-linux-x64-gnu":
      optional: true
    "@next/swc-linux-x64-musl":
      optional: true
    "@next/swc-win32-arm64-msvc":
      optional: true
    "@next/swc-win32-ia32-msvc":
      optional: true
    "@next/swc-win32-x64-msvc":
      optional: true
  peerDependenciesMeta:
    "@opentelemetry/api":
      optional: true
    "@playwright/test":
      optional: true
    sass:
      optional: true
  bin:
    next: dist/bin/next
  checksum: b85053104c932b0e1b248623e2b40c78a6597ca3acf9bdad6040a9a2748b4badf59af7d0095ad54405f1b74d106f89797b4cbd072ad49d732f54b6df2e6fd8b7
  languageName: node
  linkType: hard

"nextjs-sandbox@workspace:.":
  version: 0.0.0-use.local
  resolution: "nextjs-sandbox@workspace:."
  dependencies:
    "@babel/core": 7.13.15
    "@babel/runtime": 7.13.10
    "@floating-ui/react": ^0.27.4
    "@popperjs/core": 2.9.2
    next: 14
    prettier: 2.3.2
    react: 18
    react-dom: 18
    styled-components: 6
  languageName: unknown
  linkType: soft

"node-releases@npm:^2.0.19":
  version: 2.0.19
  resolution: "node-releases@npm:2.0.19"
  checksum: 917dbced519f48c6289a44830a0ca6dc944c3ee9243c468ebd8515a41c97c8b2c256edb7f3f750416bc37952cc9608684e6483c7b6c6f39f6bd8d86c52cfe658
  languageName: node
  linkType: hard

"picocolors@npm:^1.0.0, picocolors@npm:^1.1.1":
  version: 1.1.1
  resolution: "picocolors@npm:1.1.1"
  checksum: e1cf46bf84886c79055fdfa9dcb3e4711ad259949e3565154b004b260cd356c5d54b31a1437ce9782624bf766272fe6b0154f5f0c744fb7af5d454d2b60db045
  languageName: node
  linkType: hard

"postcss-value-parser@npm:^4.0.2":
  version: 4.2.0
  resolution: "postcss-value-parser@npm:4.2.0"
  checksum: 819ffab0c9d51cf0acbabf8996dffbfafbafa57afc0e4c98db88b67f2094cb44488758f06e5da95d7036f19556a4a732525e84289a425f4f6fd8e412a9d7442f
  languageName: node
  linkType: hard

"postcss@npm:8.4.31":
  version: 8.4.31
  resolution: "postcss@npm:8.4.31"
  dependencies:
    nanoid: ^3.3.6
    picocolors: ^1.0.0
    source-map-js: ^1.0.2
  checksum: 1d8611341b073143ad90486fcdfeab49edd243377b1f51834dc4f6d028e82ce5190e4f11bb2633276864503654fb7cab28e67abdc0fbf9d1f88cad4a0ff0beea
  languageName: node
  linkType: hard

"postcss@npm:8.4.49":
  version: 8.4.49
  resolution: "postcss@npm:8.4.49"
  dependencies:
    nanoid: ^3.3.7
    picocolors: ^1.1.1
    source-map-js: ^1.2.1
  checksum: eb5d6cbdca24f50399aafa5d2bea489e4caee4c563ea1edd5a2485bc5f84e9ceef3febf170272bc83a99c31d23a316ad179213e853f34c2a7a8ffa534559d63a
  languageName: node
  linkType: hard

"prettier@npm:2.3.2":
  version: 2.3.2
  resolution: "prettier@npm:2.3.2"
  bin:
    prettier: bin-prettier.js
  checksum: 17ce5784ac67621c292df58e2da60b2ee150c2d6aebea22a6ad9e52fcd6a5e66c349d0a8436ea3bd8ff9d778920a5f68000d7625b74f43558718a49755aa5259
  languageName: node
  linkType: hard

"react-dom@npm:18":
  version: 18.3.1
  resolution: "react-dom@npm:18.3.1"
  dependencies:
    loose-envify: ^1.1.0
    scheduler: ^0.23.2
  peerDependencies:
    react: ^18.3.1
  checksum: 298954ecd8f78288dcaece05e88b570014d8f6dce5db6f66e6ee91448debeb59dcd31561dddb354eee47e6c1bb234669459060deb238ed0213497146e555a0b9
  languageName: node
  linkType: hard

"react@npm:18":
  version: 18.3.1
  resolution: "react@npm:18.3.1"
  dependencies:
    loose-envify: ^1.1.0
  checksum: a27bcfa8ff7c15a1e50244ad0d0c1cb2ad4375eeffefd266a64889beea6f6b64c4966c9b37d14ee32d6c9fcd5aa6ba183b6988167ab4d127d13e7cb5b386a376
  languageName: node
  linkType: hard

"regenerator-runtime@npm:^0.13.4":
  version: 0.13.11
  resolution: "regenerator-runtime@npm:0.13.11"
  checksum: 27481628d22a1c4e3ff551096a683b424242a216fee44685467307f14d58020af1e19660bf2e26064de946bad7eff28950eae9f8209d55723e2d9351e632bbb4
  languageName: node
  linkType: hard

"scheduler@npm:^0.23.2":
  version: 0.23.2
  resolution: "scheduler@npm:0.23.2"
  dependencies:
    loose-envify: ^1.1.0
  checksum: 3e82d1f419e240ef6219d794ff29c7ee415fbdc19e038f680a10c067108e06284f1847450a210b29bbaf97b9d8a97ced5f624c31c681248ac84c80d56ad5a2c4
  languageName: node
  linkType: hard

"semver@npm:^6.3.0, semver@npm:^6.3.1":
  version: 6.3.1
  resolution: "semver@npm:6.3.1"
  bin:
    semver: bin/semver.js
  checksum: ae47d06de28836adb9d3e25f22a92943477371292d9b665fb023fae278d345d508ca1958232af086d85e0155aee22e313e100971898bbb8d5d89b8b1d4054ca2
  languageName: node
  linkType: hard

"shallowequal@npm:1.1.0":
  version: 1.1.0
  resolution: "shallowequal@npm:1.1.0"
  checksum: f4c1de0837f106d2dbbfd5d0720a5d059d1c66b42b580965c8f06bb1db684be8783538b684092648c981294bf817869f743a066538771dbecb293df78f765e00
  languageName: node
  linkType: hard

"source-map-js@npm:^1.0.2, source-map-js@npm:^1.2.1":
  version: 1.2.1
  resolution: "source-map-js@npm:1.2.1"
  checksum: 4eb0cd997cdf228bc253bcaff9340afeb706176e64868ecd20efbe6efea931465f43955612346d6b7318789e5265bdc419bc7669c1cebe3db0eb255f57efa76b
  languageName: node
  linkType: hard

"source-map@npm:^0.5.0":
  version: 0.5.7
  resolution: "source-map@npm:0.5.7"
  checksum: 5dc2043b93d2f194142c7f38f74a24670cd7a0063acdaf4bf01d2964b402257ae843c2a8fa822ad5b71013b5fcafa55af7421383da919752f22ff488bc553f4d
  languageName: node
  linkType: hard

"streamsearch@npm:^1.1.0":
  version: 1.1.0
  resolution: "streamsearch@npm:1.1.0"
  checksum: 1cce16cea8405d7a233d32ca5e00a00169cc0e19fbc02aa839959985f267335d435c07f96e5e0edd0eadc6d39c98d5435fb5bbbdefc62c41834eadc5622ad942
  languageName: node
  linkType: hard

"styled-components@npm:6":
  version: 6.1.15
  resolution: "styled-components@npm:6.1.15"
  dependencies:
    "@emotion/is-prop-valid": 1.2.2
    "@emotion/unitless": 0.8.1
    "@types/stylis": 4.2.5
    css-to-react-native: 3.2.0
    csstype: 3.1.3
    postcss: 8.4.49
    shallowequal: 1.1.0
    stylis: 4.3.2
    tslib: 2.6.2
  peerDependencies:
    react: ">= 16.8.0"
    react-dom: ">= 16.8.0"
  checksum: f340a52fec3eddebe98a6171a30362d88bb92f3884befb7220ca06df1841e7541f70cf3e8c132decd9e46f45c1a640cc9c9a39df3dbe6ef781356bd3c1145c57
  languageName: node
  linkType: hard

"styled-jsx@npm:5.1.1":
  version: 5.1.1
  resolution: "styled-jsx@npm:5.1.1"
  dependencies:
    client-only: 0.0.1
  peerDependencies:
    react: ">= 16.8.0 || 17.x.x || ^18.0.0-0"
  peerDependenciesMeta:
    "@babel/core":
      optional: true
    babel-plugin-macros:
      optional: true
  checksum: 523a33b38603492547e861b98e29c873939b04e15fbe5ef16132c6f1e15958126647983c7d4675325038b428a5e91183d996e90141b18bdd1bbadf6e2c45b2fa
  languageName: node
  linkType: hard

"stylis@npm:4.3.2":
  version: 4.3.2
  resolution: "stylis@npm:4.3.2"
  checksum: 0faa8a97ff38369f47354376cd9f0def9bf12846da54c28c5987f64aaf67dcb6f00dce88a8632013bfb823b2c4d1d62a44f4ac20363a3505a7ab4e21b70179fc
  languageName: node
  linkType: hard

"tabbable@npm:^6.0.0":
  version: 6.2.0
  resolution: "tabbable@npm:6.2.0"
  checksum: f8440277d223949272c74bb627a3371be21735ca9ad34c2570f7e1752bd646ccfc23a9d8b1ee65d6561243f4134f5fbbf1ad6b39ac3c4b586554accaff4a1300
  languageName: node
  linkType: hard

"tslib@npm:2.6.2":
  version: 2.6.2
  resolution: "tslib@npm:2.6.2"
  checksum: 329ea56123005922f39642318e3d1f0f8265d1e7fcb92c633e0809521da75eeaca28d2cf96d7248229deb40e5c19adf408259f4b9640afd20d13aecc1430f3ad
  languageName: node
  linkType: hard

"tslib@npm:^2.4.0":
  version: 2.8.1
  resolution: "tslib@npm:2.8.1"
  checksum: e4aba30e632b8c8902b47587fd13345e2827fa639e7c3121074d5ee0880723282411a8838f830b55100cbe4517672f84a2472667d355b81e8af165a55dc6203a
  languageName: node
  linkType: hard

"update-browserslist-db@npm:^1.1.1":
  version: 1.1.2
  resolution: "update-browserslist-db@npm:1.1.2"
  dependencies:
    escalade: ^3.2.0
    picocolors: ^1.1.1
  peerDependencies:
    browserslist: ">= 4.21.0"
  bin:
    update-browserslist-db: cli.js
  checksum: 088d2bad8ddeaeccd82d87d3f6d736d5256d697b725ffaa2b601dfd0ec16ba5fad20db8dcdccf55396e1a36194236feb69e3f5cce772e5be15a5e4261ff2815d
  languageName: node
  linkType: hard

"yallist@npm:^3.0.2":
  version: 3.1.1
  resolution: "yallist@npm:3.1.1"
  checksum: 48f7bb00dc19fc635a13a39fe547f527b10c9290e7b3e836b9a8f1ca04d4d342e85714416b3c2ab74949c9c66f9cebb0473e6bc353b79035356103b47641285d
  languageName: node
  linkType: hard
